// !$*UTF8*$!
{
	archiveVersion = 1;
	classes = {
	};
	objectVersion = 50;
	objects = {

/* Begin PBXBuildFile section */
		A38B92BC257D18F900B3BBFC /* AppDelegate.swift in Sources */ = {isa = PBXBuildFile; fileRef = A38B92BB257D18F900B3BBFC /* AppDelegate.swift */; };
		A38B92BE257D18F900B3BBFC /* SceneDelegate.swift in Sources */ = {isa = PBXBuildFile; fileRef = A38B92BD257D18F900B3BBFC /* SceneDelegate.swift */; };
		A38B92C0257D18F900B3BBFC /* ViewController.swift in Sources */ = {isa = PBXBuildFile; fileRef = A38B92BF257D18F900B3BBFC /* ViewController.swift */; };
		A38B92C3257D18F900B3BBFC /* Main.storyboard in Resources */ = {isa = PBXBuildFile; fileRef = A38B92C1257D18F900B3BBFC /* Main.storyboard */; };
		A38B92C5257D18FD00B3BBFC /* Assets.xcassets in Resources */ = {isa = PBXBuildFile; fileRef = A38B92C4257D18FD00B3BBFC /* Assets.xcassets */; };
		A38B92C8257D18FD00B3BBFC /* LaunchScreen.storyboard in Resources */ = {isa = PBXBuildFile; fileRef = A38B92C6257D18FD00B3BBFC /* LaunchScreen.storyboard */; };
		A38B92D3257D18FD00B3BBFC /* ConnectingWithTwitterTests.swift in Sources */ = {isa = PBXBuildFile; fileRef = A38B92D2257D18FD00B3BBFC /* ConnectingWithTwitterTests.swift */; };
		A38B92DE257D18FD00B3BBFC /* ConnectingWithTwitterUITests.swift in Sources */ = {isa = PBXBuildFile; fileRef = A38B92DD257D18FD00B3BBFC /* ConnectingWithTwitterUITests.swift */; };
/* End PBXBuildFile section */

/* Begin PBXContainerItemProxy section */
		A38B92CF257D18FD00B3BBFC /* PBXContainerItemProxy */ = {
			isa = PBXContainerItemProxy;
			containerPortal = A38B92B0257D18F900B3BBFC /* Project object */;
			proxyType = 1;
			remoteGlobalIDString = A38B92B7257D18F900B3BBFC;
			remoteInfo = ConnectingWithTwitter;
		};
		A38B92DA257D18FD00B3BBFC /* PBXContainerItemProxy */ = {
			isa = PBXContainerItemProxy;
			containerPortal = A38B92B0257D18F900B3BBFC /* Project object */;
			proxyType = 1;
			remoteGlobalIDString = A38B92B7257D18F900B3BBFC;
			remoteInfo = ConnectingWithTwitter;
		};
/* End PBXContainerItemProxy section */

/* Begin PBXFileReference section */
		A38B92B8257D18F900B3BBFC /* ConnectingWithTwitter.app */ = {isa = PBXFileReference; explicitFileType = wrapper.application; includeInIndex = 0; path = ConnectingWithTwitter.app; sourceTree = BUILT_PRODUCTS_DIR; };
		A38B92BB257D18F900B3BBFC /* AppDelegate.swift */ = {isa = PBXFileReference; lastKnownFileType = sourcecode.swift; path = AppDelegate.swift; sourceTree = "<group>"; };
		A38B92BD257D18F900B3BBFC /* SceneDelegate.swift */ = {isa = PBXFileReference; lastKnownFileType = sourcecode.swift; path = SceneDelegate.swift; sourceTree = "<group>"; };
		A38B92BF257D18F900B3BBFC /* ViewController.swift */ = {isa = PBXFileReference; lastKnownFileType = sourcecode.swift; path = ViewController.swift; sourceTree = "<group>"; };
		A38B92C2257D18F900B3BBFC /* Base */ = {isa = PBXFileReference; lastKnownFileType = file.storyboard; name = Base; path = Base.lproj/Main.storyboard; sourceTree = "<group>"; };
		A38B92C4257D18FD00B3BBFC /* Assets.xcassets */ = {isa = PBXFileReference; lastKnownFileType = folder.assetcatalog; path = Assets.xcassets; sourceTree = "<group>"; };
		A38B92C7257D18FD00B3BBFC /* Base */ = {isa = PBXFileReference; lastKnownFileType = file.storyboard; name = Base; path = Base.lproj/LaunchScreen.storyboard; sourceTree = "<group>"; };
		A38B92C9257D18FD00B3BBFC /* Info.plist */ = {isa = PBXFileReference; lastKnownFileType = text.plist.xml; path = Info.plist; sourceTree = "<group>"; };
		A38B92CE257D18FD00B3BBFC /* ConnectingWithTwitterTests.xctest */ = {isa = PBXFileReference; explicitFileType = wrapper.cfbundle; includeInIndex = 0; path = ConnectingWithTwitterTests.xctest; sourceTree = BUILT_PRODUCTS_DIR; };
		A38B92D2257D18FD00B3BBFC /* ConnectingWithTwitterTests.swift */ = {isa = PBXFileReference; lastKnownFileType = sourcecode.swift; path = ConnectingWithTwitterTests.swift; sourceTree = "<group>"; };
		A38B92D4257D18FD00B3BBFC /* Info.plist */ = {isa = PBXFileReference; lastKnownFileType = text.plist.xml; path = Info.plist; sourceTree = "<group>"; };
		A38B92D9257D18FD00B3BBFC /* ConnectingWithTwitterUITests.xctest */ = {isa = PBXFileReference; explicitFileType = wrapper.cfbundle; includeInIndex = 0; path = ConnectingWithTwitterUITests.xctest; sourceTree = BUILT_PRODUCTS_DIR; };
		A38B92DD257D18FD00B3BBFC /* ConnectingWithTwitterUITests.swift */ = {isa = PBXFileReference; lastKnownFileType = sourcecode.swift; path = ConnectingWithTwitterUITests.swift; sourceTree = "<group>"; };
		A38B92DF257D18FD00B3BBFC /* Info.plist */ = {isa = PBXFileReference; lastKnownFileType = text.plist.xml; path = Info.plist; sourceTree = "<group>"; };
		A38B92EE257D198D00B3BBFC /* README.md */ = {isa = PBXFileReference; lastKnownFileType = net.daringfireball.markdown; path = README.md; sourceTree = "<group>"; };
/* End PBXFileReference section */

/* Begin PBXFrameworksBuildPhase section */
		A38B92B5257D18F900B3BBFC /* Frameworks */ = {
			isa = PBXFrameworksBuildPhase;
			buildActionMask = 2147483647;
			files = (
			);
			runOnlyForDeploymentPostprocessing = 0;
		};
		A38B92CB257D18FD00B3BBFC /* Frameworks */ = {
			isa = PBXFrameworksBuildPhase;
			buildActionMask = 2147483647;
			files = (
			);
			runOnlyForDeploymentPostprocessing = 0;
		};
		A38B92D6257D18FD00B3BBFC /* Frameworks */ = {
			isa = PBXFrameworksBuildPhase;
			buildActionMask = 2147483647;
			files = (
			);
			runOnlyForDeploymentPostprocessing = 0;
		};
/* End PBXFrameworksBuildPhase section */

/* Begin PBXGroup section */
		A38B92AF257D18F900B3BBFC = {
			isa = PBXGroup;
			children = (
				A38B92EE257D198D00B3BBFC /* README.md */,
				A38B92BA257D18F900B3BBFC /* ConnectingWithTwitter */,
				A38B92D1257D18FD00B3BBFC /* ConnectingWithTwitterTests */,
				A38B92DC257D18FD00B3BBFC /* ConnectingWithTwitterUITests */,
				A38B92B9257D18F900B3BBFC /* Products */,
			);
			sourceTree = "<group>";
		};
		A38B92B9257D18F900B3BBFC /* Products */ = {
			isa = PBXGroup;
			children = (
				A38B92B8257D18F900B3BBFC /* ConnectingWithTwitter.app */,
				A38B92CE257D18FD00B3BBFC /* ConnectingWithTwitterTests.xctest */,
				A38B92D9257D18FD00B3BBFC /* ConnectingWithTwitterUITests.xctest */,
			);
			name = Products;
			sourceTree = "<group>";
		};
		A38B92BA257D18F900B3BBFC /* ConnectingWithTwitter */ = {
			isa = PBXGroup;
			children = (
				A38B92BB257D18F900B3BBFC /* AppDelegate.swift */,
				A38B92BD257D18F900B3BBFC /* SceneDelegate.swift */,
				A38B92BF257D18F900B3BBFC /* ViewController.swift */,
				A38B92C1257D18F900B3BBFC /* Main.storyboard */,
				A38B92C4257D18FD00B3BBFC /* Assets.xcassets */,
				A38B92C6257D18FD00B3BBFC /* LaunchScreen.storyboard */,
				A38B92C9257D18FD00B3BBFC /* Info.plist */,
			);
			path = ConnectingWithTwitter;
			sourceTree = "<group>";
		};
		A38B92D1257D18FD00B3BBFC /* ConnectingWithTwitterTests */ = {
			isa = PBXGroup;
			children = (
				A38B92D2257D18FD00B3BBFC /* ConnectingWithTwitterTests.swift */,
				A38B92D4257D18FD00B3BBFC /* Info.plist */,
			);
			path = ConnectingWithTwitterTests;
			sourceTree = "<group>";
		};
		A38B92DC257D18FD00B3BBFC /* ConnectingWithTwitterUITests */ = {
			isa = PBXGroup;
			children = (
				A38B92DD257D18FD00B3BBFC /* ConnectingWithTwitterUITests.swift */,
				A38B92DF257D18FD00B3BBFC /* Info.plist */,
			);
			path = ConnectingWithTwitterUITests;
			sourceTree = "<group>";
		};
/* End PBXGroup section */

/* Begin PBXNativeTarget section */
		A38B92B7257D18F900B3BBFC /* ConnectingWithTwitter */ = {
			isa = PBXNativeTarget;
			buildConfigurationList = A38B92E2257D18FD00B3BBFC /* Build configuration list for PBXNativeTarget "ConnectingWithTwitter" */;
			buildPhases = (
				A38B92B4257D18F900B3BBFC /* Sources */,
				A38B92B5257D18F900B3BBFC /* Frameworks */,
				A38B92B6257D18F900B3BBFC /* Resources */,
			);
			buildRules = (
			);
			dependencies = (
			);
			name = ConnectingWithTwitter;
			productName = ConnectingWithTwitter;
			productReference = A38B92B8257D18F900B3BBFC /* ConnectingWithTwitter.app */;
			productType = "com.apple.product-type.application";
		};
		A38B92CD257D18FD00B3BBFC /* ConnectingWithTwitterTests */ = {
			isa = PBXNativeTarget;
			buildConfigurationList = A38B92E5257D18FD00B3BBFC /* Build configuration list for PBXNativeTarget "ConnectingWithTwitterTests" */;
			buildPhases = (
				A38B92CA257D18FD00B3BBFC /* Sources */,
				A38B92CB257D18FD00B3BBFC /* Frameworks */,
				A38B92CC257D18FD00B3BBFC /* Resources */,
			);
			buildRules = (
			);
			dependencies = (
				A38B92D0257D18FD00B3BBFC /* PBXTargetDependency */,
			);
			name = ConnectingWithTwitterTests;
			productName = ConnectingWithTwitterTests;
			productReference = A38B92CE257D18FD00B3BBFC /* ConnectingWithTwitterTests.xctest */;
			productType = "com.apple.product-type.bundle.unit-test";
		};
		A38B92D8257D18FD00B3BBFC /* ConnectingWithTwitterUITests */ = {
			isa = PBXNativeTarget;
			buildConfigurationList = A38B92E8257D18FD00B3BBFC /* Build configuration list for PBXNativeTarget "ConnectingWithTwitterUITests" */;
			buildPhases = (
				A38B92D5257D18FD00B3BBFC /* Sources */,
				A38B92D6257D18FD00B3BBFC /* Frameworks */,
				A38B92D7257D18FD00B3BBFC /* Resources */,
			);
			buildRules = (
			);
			dependencies = (
				A38B92DB257D18FD00B3BBFC /* PBXTargetDependency */,
			);
			name = ConnectingWithTwitterUITests;
			productName = ConnectingWithTwitterUITests;
			productReference = A38B92D9257D18FD00B3BBFC /* ConnectingWithTwitterUITests.xctest */;
			productType = "com.apple.product-type.bundle.ui-testing";
		};
/* End PBXNativeTarget section */

/* Begin PBXProject section */
		A38B92B0257D18F900B3BBFC /* Project object */ = {
			isa = PBXProject;
			attributes = {
				LastSwiftUpdateCheck = 1220;
				LastUpgradeCheck = 1220;
				TargetAttributes = {
					A38B92B7257D18F900B3BBFC = {
						CreatedOnToolsVersion = 12.2;
					};
					A38B92CD257D18FD00B3BBFC = {
						CreatedOnToolsVersion = 12.2;
						TestTargetID = A38B92B7257D18F900B3BBFC;
					};
					A38B92D8257D18FD00B3BBFC = {
						CreatedOnToolsVersion = 12.2;
						TestTargetID = A38B92B7257D18F900B3BBFC;
					};
				};
			};
			buildConfigurationList = A38B92B3257D18F900B3BBFC /* Build configuration list for PBXProject "ConnectingWithTwitter" */;
			compatibilityVersion = "Xcode 9.3";
			developmentRegion = en;
			hasScannedForEncodings = 0;
			knownRegions = (
				en,
				Base,
			);
			mainGroup = A38B92AF257D18F900B3BBFC;
			productRefGroup = A38B92B9257D18F900B3BBFC /* Products */;
			projectDirPath = "";
			projectRoot = "";
			targets = (
				A38B92B7257D18F900B3BBFC /* ConnectingWithTwitter */,
				A38B92CD257D18FD00B3BBFC /* ConnectingWithTwitterTests */,
				A38B92D8257D18FD00B3BBFC /* ConnectingWithTwitterUITests */,
			);
		};
/* End PBXProject section */

/* Begin PBXResourcesBuildPhase section */
		A38B92B6257D18F900B3BBFC /* Resources */ = {
			isa = PBXResourcesBuildPhase;
			buildActionMask = 2147483647;
			files = (
				A38B92C8257D18FD00B3BBFC /* LaunchScreen.storyboard in Resources */,
				A38B92C5257D18FD00B3BBFC /* Assets.xcassets in Resources */,
				A38B92C3257D18F900B3BBFC /* Main.storyboard in Resources */,
			);
			runOnlyForDeploymentPostprocessing = 0;
		};
		A38B92CC257D18FD00B3BBFC /* Resources */ = {
			isa = PBXResourcesBuildPhase;
			buildActionMask = 2147483647;
			files = (
			);
			runOnlyForDeploymentPostprocessing = 0;
		};
		A38B92D7257D18FD00B3BBFC /* Resources */ = {
			isa = PBXResourcesBuildPhase;
			buildActionMask = 2147483647;
			files = (
			);
			runOnlyForDeploymentPostprocessing = 0;
		};
/* End PBXResourcesBuildPhase section */

/* Begin PBXSourcesBuildPhase section */
		A38B92B4257D18F900B3BBFC /* Sources */ = {
			isa = PBXSourcesBuildPhase;
			buildActionMask = 2147483647;
			files = (
				A38B92C0257D18F900B3BBFC /* ViewController.swift in Sources */,
				A38B92BC257D18F900B3BBFC /* AppDelegate.swift in Sources */,
				A38B92BE257D18F900B3BBFC /* SceneDelegate.swift in Sources */,
			);
			runOnlyForDeploymentPostprocessing = 0;
		};
		A38B92CA257D18FD00B3BBFC /* Sources */ = {
			isa = PBXSourcesBuildPhase;
			buildActionMask = 2147483647;
			files = (
				A38B92D3257D18FD00B3BBFC /* ConnectingWithTwitterTests.swift in Sources */,
			);
			runOnlyForDeploymentPostprocessing = 0;
		};
		A38B92D5257D18FD00B3BBFC /* Sources */ = {
			isa = PBXSourcesBuildPhase;
			buildActionMask = 2147483647;
			files = (
				A38B92DE257D18FD00B3BBFC /* ConnectingWithTwitterUITests.swift in Sources */,
			);
			runOnlyForDeploymentPostprocessing = 0;
		};
/* End PBXSourcesBuildPhase section */

/* Begin PBXTargetDependency section */
		A38B92D0257D18FD00B3BBFC /* PBXTargetDependency */ = {
			isa = PBXTargetDependency;
			target = A38B92B7257D18F900B3BBFC /* ConnectingWithTwitter */;
			targetProxy = A38B92CF257D18FD00B3BBFC /* PBXContainerItemProxy */;
		};
		A38B92DB257D18FD00B3BBFC /* PBXTargetDependency */ = {
			isa = PBXTargetDependency;
			target = A38B92B7257D18F900B3BBFC /* ConnectingWithTwitter */;
			targetProxy = A38B92DA257D18FD00B3BBFC /* PBXContainerItemProxy */;
		};
/* End PBXTargetDependency section */

/* Begin PBXVariantGroup section */
		A38B92C1257D18F900B3BBFC /* Main.storyboard */ = {
			isa = PBXVariantGroup;
			children = (
				A38B92C2257D18F900B3BBFC /* Base */,
			);
			name = Main.storyboard;
			sourceTree = "<group>";
		};
		A38B92C6257D18FD00B3BBFC /* LaunchScreen.storyboard */ = {
			isa = PBXVariantGroup;
			children = (
				A38B92C7257D18FD00B3BBFC /* Base */,
			);
			name = LaunchScreen.storyboard;
			sourceTree = "<group>";
		};
/* End PBXVariantGroup section */

/* Begin XCBuildConfiguration section */
		A38B92E0257D18FD00B3BBFC /* Debug */ = {
			isa = XCBuildConfiguration;
			buildSettings = {
				ALWAYS_SEARCH_USER_PATHS = NO;
				CLANG_ANALYZER_NONNULL = YES;
				CLANG_ANALYZER_NUMBER_OBJECT_CONVERSION = YES_AGGRESSIVE;
				CLANG_CXX_LANGUAGE_STANDARD = "gnu++14";
				CLANG_CXX_LIBRARY = "libc++";
				CLANG_ENABLE_MODULES = YES;
				CLANG_ENABLE_OBJC_ARC = YES;
				CLANG_ENABLE_OBJC_WEAK = YES;
				CLANG_WARN_BLOCK_CAPTURE_AUTORELEASING = YES;
				CLANG_WARN_BOOL_CONVERSION = YES;
				CLANG_WARN_COMMA = YES;
				CLANG_WARN_CONSTANT_CONVERSION = YES;
				CLANG_WARN_DEPRECATED_OBJC_IMPLEMENTATIONS = YES;
				CLANG_WARN_DIRECT_OBJC_ISA_USAGE = YES_ERROR;
				CLANG_WARN_DOCUMENTATION_COMMENTS = YES;
				CLANG_WARN_EMPTY_BODY = YES;
				CLANG_WARN_ENUM_CONVERSION = YES;
				CLANG_WARN_INFINITE_RECURSION = YES;
				CLANG_WARN_INT_CONVERSION = YES;
				CLANG_WARN_NON_LITERAL_NULL_CONVERSION = YES;
				CLANG_WARN_OBJC_IMPLICIT_RETAIN_SELF = YES;
				CLANG_WARN_OBJC_LITERAL_CONVERSION = YES;
				CLANG_WARN_OBJC_ROOT_CLASS = YES_ERROR;
				CLANG_WARN_QUOTED_INCLUDE_IN_FRAMEWORK_HEADER = YES;
				CLANG_WARN_RANGE_LOOP_ANALYSIS = YES;
				CLANG_WARN_STRICT_PROTOTYPES = YES;
				CLANG_WARN_SUSPICIOUS_MOVE = YES;
				CLANG_WARN_UNGUARDED_AVAILABILITY = YES_AGGRESSIVE;
				CLANG_WARN_UNREACHABLE_CODE = YES;
				CLANG_WARN__DUPLICATE_METHOD_MATCH = YES;
				COPY_PHASE_STRIP = NO;
				DEBUG_INFORMATION_FORMAT = dwarf;
				ENABLE_STRICT_OBJC_MSGSEND = YES;
				ENABLE_TESTABILITY = YES;
				GCC_C_LANGUAGE_STANDARD = gnu11;
				GCC_DYNAMIC_NO_PIC = NO;
				GCC_NO_COMMON_BLOCKS = YES;
				GCC_OPTIMIZATION_LEVEL = 0;
				GCC_PREPROCESSOR_DEFINITIONS = (
					"DEBUG=1",
					"$(inherited)",
				);
				GCC_WARN_64_TO_32_BIT_CONVERSION = YES;
				GCC_WARN_ABOUT_RETURN_TYPE = YES_ERROR;
				GCC_WARN_UNDECLARED_SELECTOR = YES;
				GCC_WARN_UNINITIALIZED_AUTOS = YES_AGGRESSIVE;
				GCC_WARN_UNUSED_FUNCTION = YES;
				GCC_WARN_UNUSED_VARIABLE = YES;
				IPHONEOS_DEPLOYMENT_TARGET = 14.2;
				MTL_ENABLE_DEBUG_INFO = INCLUDE_SOURCE;
				MTL_FAST_MATH = YES;
				ONLY_ACTIVE_ARCH = YES;
				SDKROOT = iphoneos;
				SWIFT_ACTIVE_COMPILATION_CONDITIONS = DEBUG;
				SWIFT_OPTIMIZATION_LEVEL = "-Onone";
			};
			name = Debug;
		};
		A38B92E1257D18FD00B3BBFC /* Release */ = {
			isa = XCBuildConfiguration;
			buildSettings = {
				ALWAYS_SEARCH_USER_PATHS = NO;
				CLANG_ANALYZER_NONNULL = YES;
				CLANG_ANALYZER_NUMBER_OBJECT_CONVERSION = YES_AGGRESSIVE;
				CLANG_CXX_LANGUAGE_STANDARD = "gnu++14";
				CLANG_CXX_LIBRARY = "libc++";
				CLANG_ENABLE_MODULES = YES;
				CLANG_ENABLE_OBJC_ARC = YES;
				CLANG_ENABLE_OBJC_WEAK = YES;
				CLANG_WARN_BLOCK_CAPTURE_AUTORELEASING = YES;
				CLANG_WARN_BOOL_CONVERSION = YES;
				CLANG_WARN_COMMA = YES;
				CLANG_WARN_CONSTANT_CONVERSION = YES;
				CLANG_WARN_DEPRECATED_OBJC_IMPLEMENTATIONS = YES;
				CLANG_WARN_DIRECT_OBJC_ISA_USAGE = YES_ERROR;
				CLANG_WARN_DOCUMENTATION_COMMENTS = YES;
				CLANG_WARN_EMPTY_BODY = YES;
				CLANG_WARN_ENUM_CONVERSION = YES;
				CLANG_WARN_INFINITE_RECURSION = YES;
				CLANG_WARN_INT_CONVERSION = YES;
				CLANG_WARN_NON_LITERAL_NULL_CONVERSION = YES;
				CLANG_WARN_OBJC_IMPLICIT_RETAIN_SELF = YES;
				CLANG_WARN_OBJC_LITERAL_CONVERSION = YES;
				CLANG_WARN_OBJC_ROOT_CLASS = YES_ERROR;
				CLANG_WARN_QUOTED_INCLUDE_IN_FRAMEWORK_HEADER = YES;
				CLANG_WARN_RANGE_LOOP_ANALYSIS = YES;
				CLANG_WARN_STRICT_PROTOTYPES = YES;
				CLANG_WARN_SUSPICIOUS_MOVE = YES;
				CLANG_WARN_UNGUARDED_AVAILABILITY = YES_AGGRESSIVE;
				CLANG_WARN_UNREACHABLE_CODE = YES;
				CLANG_WARN__DUPLICATE_METHOD_MATCH = YES;
				COPY_PHASE_STRIP = NO;
				DEBUG_INFORMATION_FORMAT = "dwarf-with-dsym";
				ENABLE_NS_ASSERTIONS = NO;
				ENABLE_STRICT_OBJC_MSGSEND = YES;
				GCC_C_LANGUAGE_STANDARD = gnu11;
				GCC_NO_COMMON_BLOCKS = YES;
				GCC_WARN_64_TO_32_BIT_CONVERSION = YES;
				GCC_WARN_ABOUT_RETURN_TYPE = YES_ERROR;
				GCC_WARN_UNDECLARED_SELECTOR = YES;
				GCC_WARN_UNINITIALIZED_AUTOS = YES_AGGRESSIVE;
				GCC_WARN_UNUSED_FUNCTION = YES;
				GCC_WARN_UNUSED_VARIABLE = YES;
				IPHONEOS_DEPLOYMENT_TARGET = 14.2;
				MTL_ENABLE_DEBUG_INFO = NO;
				MTL_FAST_MATH = YES;
				SDKROOT = iphoneos;
				SWIFT_COMPILATION_MODE = wholemodule;
				SWIFT_OPTIMIZATION_LEVEL = "-O";
				VALIDATE_PRODUCT = YES;
			};
			name = Release;
		};
		A38B92E3257D18FD00B3BBFC /* Debug */ = {
			isa = XCBuildConfiguration;
			buildSettings = {
				ASSETCATALOG_COMPILER_APPICON_NAME = AppIcon;
				ASSETCATALOG_COMPILER_GLOBAL_ACCENT_COLOR_NAME = AccentColor;
				CODE_SIGN_STYLE = Automatic;
				DEVELOPMENT_TEAM = TD4Q99PXA9;
				INFOPLIST_FILE = ConnectingWithTwitter/Info.plist;
				LD_RUNPATH_SEARCH_PATHS = (
					"$(inherited)",
					"@executable_path/Frameworks",
				);
				PRODUCT_BUNDLE_IDENTIFIER = com.risingdevhabits.ConnectingWithTwitter;
				PRODUCT_NAME = "$(TARGET_NAME)";
				SWIFT_VERSION = 5.0;
				TARGETED_DEVICE_FAMILY = "1,2";
			};
			name = Debug;
		};
		A38B92E4257D18FD00B3BBFC /* Release */ = {
			isa = XCBuildConfiguration;
			buildSettings = {
				ASSETCATALOG_COMPILER_APPICON_NAME = AppIcon;
				ASSETCATALOG_COMPILER_GLOBAL_ACCENT_COLOR_NAME = AccentColor;
				CODE_SIGN_STYLE = Automatic;
				DEVELOPMENT_TEAM = TD4Q99PXA9;
				INFOPLIST_FILE = ConnectingWithTwitter/Info.plist;
				LD_RUNPATH_SEARCH_PATHS = (
					"$(inherited)",
					"@executable_path/Frameworks",
				);
				PRODUCT_BUNDLE_IDENTIFIER = com.risingdevhabits.ConnectingWithTwitter;
				PRODUCT_NAME = "$(TARGET_NAME)";
				SWIFT_VERSION = 5.0;
				TARGETED_DEVICE_FAMILY = "1,2";
			};
			name = Release;
		};
		A38B92E6257D18FD00B3BBFC /* Debug */ = {
			isa = XCBuildConfiguration;
			buildSettings = {
				ALWAYS_EMBED_SWIFT_STANDARD_LIBRARIES = YES;
				BUNDLE_LOADER = "$(TEST_HOST)";
				CODE_SIGN_STYLE = Automatic;
				DEVELOPMENT_TEAM = TD4Q99PXA9;
				INFOPLIST_FILE = ConnectingWithTwitterTests/Info.plist;
				IPHONEOS_DEPLOYMENT_TARGET = 14.2;
				LD_RUNPATH_SEARCH_PATHS = (
					"$(inherited)",
					"@executable_path/Frameworks",
					"@loader_path/Frameworks",
				);
				PRODUCT_BUNDLE_IDENTIFIER = com.risingdevhabits.ConnectingWithTwitterTests;
				PRODUCT_NAME = "$(TARGET_NAME)";
				SWIFT_VERSION = 5.0;
				TARGETED_DEVICE_FAMILY = "1,2";
				TEST_HOST = "$(BUILT_PRODUCTS_DIR)/ConnectingWithTwitter.app/ConnectingWithTwitter";
			};
			name = Debug;
		};
		A38B92E7257D18FD00B3BBFC /* Release */ = {
			isa = XCBuildConfiguration;
			buildSettings = {
				ALWAYS_EMBED_SWIFT_STANDARD_LIBRARIES = YES;
				BUNDLE_LOADER = "$(TEST_HOST)";
				CODE_SIGN_STYLE = Automatic;
				DEVELOPMENT_TEAM = TD4Q99PXA9;
				INFOPLIST_FILE = ConnectingWithTwitterTests/Info.plist;
				IPHONEOS_DEPLOYMENT_TARGET = 14.2;
				LD_RUNPATH_SEARCH_PATHS = (
					"$(inherited)",
					"@executable_path/Frameworks",
					"@loader_path/Frameworks",
				);
				PRODUCT_BUNDLE_IDENTIFIER = com.risingdevhabits.ConnectingWithTwitterTests;
				PRODUCT_NAME = "$(TARGET_NAME)";
				SWIFT_VERSION = 5.0;
				TARGETED_DEVICE_FAMILY = "1,2";
				TEST_HOST = "$(BUILT_PRODUCTS_DIR)/ConnectingWithTwitter.app/ConnectingWithTwitter";
			};
			name = Release;
		};
		A38B92E9257D18FD00B3BBFC /* Debug */ = {
			isa = XCBuildConfiguration;
			buildSettings = {
				ALWAYS_EMBED_SWIFT_STANDARD_LIBRARIES = YES;
				CODE_SIGN_STYLE = Automatic;
				DEVELOPMENT_TEAM = TD4Q99PXA9;
				INFOPLIST_FILE = ConnectingWithTwitterUITests/Info.plist;
				LD_RUNPATH_SEARCH_PATHS = (
					"$(inherited)",
					"@executable_path/Frameworks",
					"@loader_path/Frameworks",
				);
				PRODUCT_BUNDLE_IDENTIFIER = com.risingdevhabits.ConnectingWithTwitterUITests;
				PRODUCT_NAME = "$(TARGET_NAME)";
				SWIFT_VERSION = 5.0;
				TARGETED_DEVICE_FAMILY = "1,2";
				TEST_TARGET_NAME = ConnectingWithTwitter;
			};
			name = Debug;
		};
		A38B92EA257D18FD00B3BBFC /* Release */ = {
			isa = XCBuildConfiguration;
			buildSettings = {
				ALWAYS_EMBED_SWIFT_STANDARD_LIBRARIES = YES;
				CODE_SIGN_STYLE = Automatic;
				DEVELOPMENT_TEAM = TD4Q99PXA9;
				INFOPLIST_FILE = ConnectingWithTwitterUITests/Info.plist;
				LD_RUNPATH_SEARCH_PATHS = (
					"$(inherited)",
					"@executable_path/Frameworks",
					"@loader_path/Frameworks",
				);
				PRODUCT_BUNDLE_IDENTIFIER = com.risingdevhabits.ConnectingWithTwitterUITests;
				PRODUCT_NAME = "$(TARGET_NAME)";
				SWIFT_VERSION = 5.0;
				TARGETED_DEVICE_FAMILY = "1,2";
				TEST_TARGET_NAME = ConnectingWithTwitter;
			};
			name = Release;
		};
/* End XCBuildConfiguration section */

/* Begin XCConfigurationList section */
		A38B92B3257D18F900B3BBFC /* Build configuration list for PBXProject "ConnectingWithTwitter" */ = {
			isa = XCConfigurationList;
			buildConfigurations = (
				A38B92E0257D18FD00B3BBFC /* Debug */,
				A38B92E1257D18FD00B3BBFC /* Release */,
			);
			defaultConfigurationIsVisible = 0;
			defaultConfigurationName = Release;
		};
		A38B92E2257D18FD00B3BBFC /* Build configuration list for PBXNativeTarget "ConnectingWithTwitter" */ = {
			isa = XCConfigurationList;
			buildConfigurations = (
				A38B92E3257D18FD00B3BBFC /* Debug */,
				A38B92E4257D18FD00B3BBFC /* Release */,
			);
			defaultConfigurationIsVisible = 0;
			defaultConfigurationName = Release;
		};
		A38B92E5257D18FD00B3BBFC /* Build configuration list for PBXNativeTarget "ConnectingWithTwitterTests" */ = {
			isa = XCConfigurationList;
			buildConfigurations = (
				A38B92E6257D18FD00B3BBFC /* Debug */,
				A38B92E7257D18FD00B3BBFC /* Release */,
			);
			defaultConfigurationIsVisible = 0;
			defaultConfigurationName = Release;
		};
		A38B92E8257D18FD00B3BBFC /* Build configuration list for PBXNativeTarget "ConnectingWithTwitterUITests" */ = {
			isa = XCConfigurationList;
			buildConfigurations = (
				A38B92E9257D18FD00B3BBFC /* Debug */,
				A38B92EA257D18FD00B3BBFC /* Release */,
			);
			defaultConfigurationIsVisible = 0;
			defaultConfigurationName = Release;
		};
/* End XCConfigurationList section */
	};
	rootObject = A38B92B0257D18F900B3BBFC /* Project object */;
}
